
Microsoft Visual Studio Solution File, Format Version 12.00
# Visual Studio Version 17
VisualStudioVersion = 17.9.34728.123
MinimumVisualStudioVersion = 10.0.40219.1
Project("{F2A71F9B-5D33-465A-A702-920D77279786}") = "khalid_webapp", "khalid_webapp\khalid_webapp.fsproj", "{FA50DA0F-F8BE-4A65-96BD-5C6D9771043A}"
EndProject
Global
	GlobalSection(SolutionConfigurationPlatforms) = preSolution
		Debug|Any CPU = Debug|Any CPU
		Release|Any CPU = Release|Any CPU
	EndGlobalSection
	GlobalSection(ProjectConfigurationPlatforms) = postSolution
		{FA50DA0F-F8BE-4A65-96BD-5C6D9771043A}.Debug|Any CPU.ActiveCfg = Debug|Any CPU
		{FA50DA0F-F8BE-4A65-96BD-5C6D9771043A}.Debug|Any CPU.Build.0 = Debug|Any CPU
		{FA50DA0F-F8BE-4A65-96BD-5C6D9771043A}.Release|Any CPU.ActiveCfg = Release|Any CPU
		{FA50DA0F-F8BE-4A65-96BD-5C6D9771043A}.Release|Any CPU.Build.0 = Release|Any CPU
	EndGlobalSection
	GlobalSection(SolutionProperties) = preSolution
		HideSolutionNode = FALSE
	EndGlobalSection
	GlobalSection(ExtensibilityGlobals) = postSolution
		SolutionGuid = {22656C21-3AF8-481D-8155-FD8CEDF9611F}
	EndGlobalSection
EndGlobal
